
Microsoft Visual Studio Solution File, Format Version 12.00
# Visual Studio 14
VisualStudioVersion = 14.0.25420.1
MinimumVisualStudioVersion = 10.0.40219.1
Project("{FAE04EC0-301F-11D3-BF4B-00C04F79EFBC}") = "NetGL.Constructor", "NetGL.Constructor\NetGL.Constructor.csproj", "{34880E4E-B6E4-47D5-A06B-AD6C77E57318}"
EndProject
Project("{FAE04EC0-301F-11D3-BF4B-00C04F79EFBC}") = "NetGL.Core", "NetGL.Core\NetGL.Core.csproj", "{575971EB-B49A-40DB-8EC9-452DAE9BAE25}"
EndProject
Project("{FAE04EC0-301F-11D3-BF4B-00C04F79EFBC}") = "NetGL.SceneGraph", "NetGL.SceneGraph\NetGL.SceneGraph.csproj", "{955AF21A-19B5-4284-85CC-C610681C0743}"
	ProjectSection(ProjectDependencies) = postProject
		{A8BC4CC7-298B-40AA-B657-2AB54511C336} = {A8BC4CC7-298B-40AA-B657-2AB54511C336}
	EndProjectSection
EndProject
Project("{8BC9CEB8-8B4A-11D0-8D11-00A0C91BC942}") = "FbxConverter", "FbxConverter\FbxConverter.vcxproj", "{A8BC4CC7-298B-40AA-B657-2AB54511C336}"
EndProject
Project("{FAE04EC0-301F-11D3-BF4B-00C04F79EFBC}") = "FbxConverterTypes", "FbxImportTypes\FbxConverterTypes.csproj", "{B390C2FE-4541-4841-9729-028CFF920B0C}"
EndProject
Global
	GlobalSection(SolutionConfigurationPlatforms) = preSolution
		Debug, GL_DEBUG|x64 = Debug, GL_DEBUG|x64
		Debug, GL_DEBUG|x86 = Debug, GL_DEBUG|x86
		Debug|x64 = Debug|x64
		Debug|x86 = Debug|x86
		Release|x64 = Release|x64
		Release|x86 = Release|x86
	EndGlobalSection
	GlobalSection(ProjectConfigurationPlatforms) = postSolution
		{34880E4E-B6E4-47D5-A06B-AD6C77E57318}.Debug, GL_DEBUG|x64.ActiveCfg = Debug, GL_DEBUG|x64
		{34880E4E-B6E4-47D5-A06B-AD6C77E57318}.Debug, GL_DEBUG|x64.Build.0 = Debug, GL_DEBUG|x64
		{34880E4E-B6E4-47D5-A06B-AD6C77E57318}.Debug, GL_DEBUG|x86.ActiveCfg = Debug, GL_DEBUG|x86
		{34880E4E-B6E4-47D5-A06B-AD6C77E57318}.Debug, GL_DEBUG|x86.Build.0 = Debug, GL_DEBUG|x86
		{34880E4E-B6E4-47D5-A06B-AD6C77E57318}.Debug|x64.ActiveCfg = Debug|x64
		{34880E4E-B6E4-47D5-A06B-AD6C77E57318}.Debug|x64.Build.0 = Debug|x64
		{34880E4E-B6E4-47D5-A06B-AD6C77E57318}.Debug|x86.ActiveCfg = Debug|x86
		{34880E4E-B6E4-47D5-A06B-AD6C77E57318}.Debug|x86.Build.0 = Debug|x86
		{34880E4E-B6E4-47D5-A06B-AD6C77E57318}.Release|x64.ActiveCfg = Release|x64
		{34880E4E-B6E4-47D5-A06B-AD6C77E57318}.Release|x64.Build.0 = Release|x64
		{34880E4E-B6E4-47D5-A06B-AD6C77E57318}.Release|x86.ActiveCfg = Release|x86
		{34880E4E-B6E4-47D5-A06B-AD6C77E57318}.Release|x86.Build.0 = Release|x86
		{575971EB-B49A-40DB-8EC9-452DAE9BAE25}.Debug, GL_DEBUG|x64.ActiveCfg = Debug, GL_DEBUG|x64
		{575971EB-B49A-40DB-8EC9-452DAE9BAE25}.Debug, GL_DEBUG|x64.Build.0 = Debug, GL_DEBUG|x64
		{575971EB-B49A-40DB-8EC9-452DAE9BAE25}.Debug, GL_DEBUG|x86.ActiveCfg = Debug, GL_DEBUG|x86
		{575971EB-B49A-40DB-8EC9-452DAE9BAE25}.Debug, GL_DEBUG|x86.Build.0 = Debug, GL_DEBUG|x86
		{575971EB-B49A-40DB-8EC9-452DAE9BAE25}.Debug|x64.ActiveCfg = Debug|x64
		{575971EB-B49A-40DB-8EC9-452DAE9BAE25}.Debug|x64.Build.0 = Debug|x64
		{575971EB-B49A-40DB-8EC9-452DAE9BAE25}.Debug|x86.ActiveCfg = Debug|x86
		{575971EB-B49A-40DB-8EC9-452DAE9BAE25}.Debug|x86.Build.0 = Debug|x86
		{575971EB-B49A-40DB-8EC9-452DAE9BAE25}.Release|x64.ActiveCfg = Release|x64
		{575971EB-B49A-40DB-8EC9-452DAE9BAE25}.Release|x64.Build.0 = Release|x64
		{575971EB-B49A-40DB-8EC9-452DAE9BAE25}.Release|x86.ActiveCfg = Release|x86
		{575971EB-B49A-40DB-8EC9-452DAE9BAE25}.Release|x86.Build.0 = Release|x86
		{955AF21A-19B5-4284-85CC-C610681C0743}.Debug, GL_DEBUG|x64.ActiveCfg = Debug, GL_DEBUG|x64
		{955AF21A-19B5-4284-85CC-C610681C0743}.Debug, GL_DEBUG|x64.Build.0 = Debug, GL_DEBUG|x64
		{955AF21A-19B5-4284-85CC-C610681C0743}.Debug, GL_DEBUG|x86.ActiveCfg = Debug, GL_DEBUG|x86
		{955AF21A-19B5-4284-85CC-C610681C0743}.Debug, GL_DEBUG|x86.Build.0 = Debug, GL_DEBUG|x86
		{955AF21A-19B5-4284-85CC-C610681C0743}.Debug|x64.ActiveCfg = Debug|x64
		{955AF21A-19B5-4284-85CC-C610681C0743}.Debug|x64.Build.0 = Debug|x64
		{955AF21A-19B5-4284-85CC-C610681C0743}.Debug|x86.ActiveCfg = Debug|x86
		{955AF21A-19B5-4284-85CC-C610681C0743}.Debug|x86.Build.0 = Debug|x86
		{955AF21A-19B5-4284-85CC-C610681C0743}.Release|x64.ActiveCfg = Release|x64
		{955AF21A-19B5-4284-85CC-C610681C0743}.Release|x64.Build.0 = Release|x64
		{955AF21A-19B5-4284-85CC-C610681C0743}.Release|x86.ActiveCfg = Release|x86
		{955AF21A-19B5-4284-85CC-C610681C0743}.Release|x86.Build.0 = Release|x86
		{A8BC4CC7-298B-40AA-B657-2AB54511C336}.Debug, GL_DEBUG|x64.ActiveCfg = Debug|x64
		{A8BC4CC7-298B-40AA-B657-2AB54511C336}.Debug, GL_DEBUG|x64.Build.0 = Debug|x64
		{A8BC4CC7-298B-40AA-B657-2AB54511C336}.Debug, GL_DEBUG|x86.ActiveCfg = Debug|Win32
		{A8BC4CC7-298B-40AA-B657-2AB54511C336}.Debug, GL_DEBUG|x86.Build.0 = Debug|Win32
		{A8BC4CC7-298B-40AA-B657-2AB54511C336}.Debug|x64.ActiveCfg = Debug|x64
		{A8BC4CC7-298B-40AA-B657-2AB54511C336}.Debug|x64.Build.0 = Debug|x64
		{A8BC4CC7-298B-40AA-B657-2AB54511C336}.Debug|x86.ActiveCfg = Debug|Win32
		{A8BC4CC7-298B-40AA-B657-2AB54511C336}.Debug|x86.Build.0 = Debug|Win32
		{A8BC4CC7-298B-40AA-B657-2AB54511C336}.Release|x64.ActiveCfg = Release|x64
		{A8BC4CC7-298B-40AA-B657-2AB54511C336}.Release|x64.Build.0 = Release|x64
		{A8BC4CC7-298B-40AA-B657-2AB54511C336}.Release|x86.ActiveCfg = Release|Win32
		{A8BC4CC7-298B-40AA-B657-2AB54511C336}.Release|x86.Build.0 = Release|Win32
		{B390C2FE-4541-4841-9729-028CFF920B0C}.Debug, GL_DEBUG|x64.ActiveCfg = Debug|x64
		{B390C2FE-4541-4841-9729-028CFF920B0C}.Debug, GL_DEBUG|x64.Build.0 = Debug|x64
		{B390C2FE-4541-4841-9729-028CFF920B0C}.Debug, GL_DEBUG|x86.ActiveCfg = Debug|x86
		{B390C2FE-4541-4841-9729-028CFF920B0C}.Debug, GL_DEBUG|x86.Build.0 = Debug|x86
		{B390C2FE-4541-4841-9729-028CFF920B0C}.Debug|x64.ActiveCfg = Debug|x64
		{B390C2FE-4541-4841-9729-028CFF920B0C}.Debug|x64.Build.0 = Debug|x64
		{B390C2FE-4541-4841-9729-028CFF920B0C}.Debug|x86.ActiveCfg = Debug|x86
		{B390C2FE-4541-4841-9729-028CFF920B0C}.Debug|x86.Build.0 = Debug|x86
		{B390C2FE-4541-4841-9729-028CFF920B0C}.Release|x64.ActiveCfg = Release|x64
		{B390C2FE-4541-4841-9729-028CFF920B0C}.Release|x64.Build.0 = Release|x64
		{B390C2FE-4541-4841-9729-028CFF920B0C}.Release|x86.ActiveCfg = Release|x86
		{B390C2FE-4541-4841-9729-028CFF920B0C}.Release|x86.Build.0 = Release|x86
	EndGlobalSection
	GlobalSection(SolutionProperties) = preSolution
		HideSolutionNode = FALSE
	EndGlobalSection
EndGlobal
